
Microsoft Visual Studio Solution File, Format Version 12.00
# Visual Studio Version 16
VisualStudioVersion = 16.0.29905.134
MinimumVisualStudioVersion = 10.0.40219.1
Project("{9A19103F-16F7-4668-BE54-9A1E7A4F7556}") = "AuthServer", "AuthServer.csproj", "{47F44DE7-1708-4F56-A97E-54DD60E89B40}"
EndProject
Project("{9A19103F-16F7-4668-BE54-9A1E7A4F7556}") = "Api", "..\Api\Api.csproj", "{71EC182D-93ED-4476-B416-5C2339113222}"
EndProject
Project("{9A19103F-16F7-4668-BE54-9A1E7A4F7556}") = "Client", "..\Client\Client.csproj", "{76825FD6-17B9-414D-AC90-9A4D73311F21}"
EndProject
Project("{9A19103F-16F7-4668-BE54-9A1E7A4F7556}") = "MVCClient", "..\MVCClient\MVCClient.csproj", "{B46551BD-F2E6-4689-9D0C-09BDC70D0938}"
EndProject
Project("{9A19103F-16F7-4668-BE54-9A1E7A4F7556}") = "JavaScriptClient", "..\JavaScriptClient\JavaScriptClient.csproj", "{9524898B-3267-4EB1-BA27-20DDD9014D0B}"
EndProject
Project("{9A19103F-16F7-4668-BE54-9A1E7A4F7556}") = "MVVMClient", "..\MVVMClient\MVVMClient.csproj", "{B00B6313-D598-42E6-B61A-B5594C5C60FC}"
EndProject
Project("{9A19103F-16F7-4668-BE54-9A1E7A4F7556}") = "MS.Microservice.Core", "..\..\MS.Microservice\src\MS.Microservice.Core\MS.Microservice.Core.csproj", "{1A9B14EB-B7D6-4097-BFBC-BB6D991C89EE}"
EndProject
Project("{9A19103F-16F7-4668-BE54-9A1E7A4F7556}") = "MS.Microservice.Domain", "..\..\MS.Microservice\src\MS.Microservice.Domain\MS.Microservice.Domain.csproj", "{2EE1B4C5-0C59-4A44-9200-94FE98854383}"
EndProject
Global
	GlobalSection(SolutionConfigurationPlatforms) = preSolution
		Debug|Any CPU = Debug|Any CPU
		Release|Any CPU = Release|Any CPU
	EndGlobalSection
	GlobalSection(ProjectConfigurationPlatforms) = postSolution
		{47F44DE7-1708-4F56-A97E-54DD60E89B40}.Debug|Any CPU.ActiveCfg = Debug|Any CPU
		{47F44DE7-1708-4F56-A97E-54DD60E89B40}.Debug|Any CPU.Build.0 = Debug|Any CPU
		{47F44DE7-1708-4F56-A97E-54DD60E89B40}.Release|Any CPU.ActiveCfg = Release|Any CPU
		{47F44DE7-1708-4F56-A97E-54DD60E89B40}.Release|Any CPU.Build.0 = Release|Any CPU
		{71EC182D-93ED-4476-B416-5C2339113222}.Debug|Any CPU.ActiveCfg = Debug|Any CPU
		{71EC182D-93ED-4476-B416-5C2339113222}.Debug|Any CPU.Build.0 = Debug|Any CPU
		{71EC182D-93ED-4476-B416-5C2339113222}.Release|Any CPU.ActiveCfg = Release|Any CPU
		{71EC182D-93ED-4476-B416-5C2339113222}.Release|Any CPU.Build.0 = Release|Any CPU
		{76825FD6-17B9-414D-AC90-9A4D73311F21}.Debug|Any CPU.ActiveCfg = Debug|Any CPU
		{76825FD6-17B9-414D-AC90-9A4D73311F21}.Debug|Any CPU.Build.0 = Debug|Any CPU
		{76825FD6-17B9-414D-AC90-9A4D73311F21}.Release|Any CPU.ActiveCfg = Release|Any CPU
		{76825FD6-17B9-414D-AC90-9A4D73311F21}.Release|Any CPU.Build.0 = Release|Any CPU
		{B46551BD-F2E6-4689-9D0C-09BDC70D0938}.Debug|Any CPU.ActiveCfg = Debug|Any CPU
		{B46551BD-F2E6-4689-9D0C-09BDC70D0938}.Debug|Any CPU.Build.0 = Debug|Any CPU
		{B46551BD-F2E6-4689-9D0C-09BDC70D0938}.Release|Any CPU.ActiveCfg = Release|Any CPU
		{B46551BD-F2E6-4689-9D0C-09BDC70D0938}.Release|Any CPU.Build.0 = Release|Any CPU
		{9524898B-3267-4EB1-BA27-20DDD9014D0B}.Debug|Any CPU.ActiveCfg = Debug|Any CPU
		{9524898B-3267-4EB1-BA27-20DDD9014D0B}.Debug|Any CPU.Build.0 = Debug|Any CPU
		{9524898B-3267-4EB1-BA27-20DDD9014D0B}.Release|Any CPU.ActiveCfg = Release|Any CPU
		{9524898B-3267-4EB1-BA27-20DDD9014D0B}.Release|Any CPU.Build.0 = Release|Any CPU
		{B00B6313-D598-42E6-B61A-B5594C5C60FC}.Debug|Any CPU.ActiveCfg = Debug|Any CPU
		{B00B6313-D598-42E6-B61A-B5594C5C60FC}.Debug|Any CPU.Build.0 = Debug|Any CPU
		{B00B6313-D598-42E6-B61A-B5594C5C60FC}.Release|Any CPU.ActiveCfg = Release|Any CPU
		{B00B6313-D598-42E6-B61A-B5594C5C60FC}.Release|Any CPU.Build.0 = Release|Any CPU
		{1A9B14EB-B7D6-4097-BFBC-BB6D991C89EE}.Debug|Any CPU.ActiveCfg = Debug|Any CPU
		{1A9B14EB-B7D6-4097-BFBC-BB6D991C89EE}.Debug|Any CPU.Build.0 = Debug|Any CPU
		{1A9B14EB-B7D6-4097-BFBC-BB6D991C89EE}.Release|Any CPU.ActiveCfg = Release|Any CPU
		{1A9B14EB-B7D6-4097-BFBC-BB6D991C89EE}.Release|Any CPU.Build.0 = Release|Any CPU
		{2EE1B4C5-0C59-4A44-9200-94FE98854383}.Debug|Any CPU.ActiveCfg = Debug|Any CPU
		{2EE1B4C5-0C59-4A44-9200-94FE98854383}.Debug|Any CPU.Build.0 = Debug|Any CPU
		{2EE1B4C5-0C59-4A44-9200-94FE98854383}.Release|Any CPU.ActiveCfg = Release|Any CPU
		{2EE1B4C5-0C59-4A44-9200-94FE98854383}.Release|Any CPU.Build.0 = Release|Any CPU
	EndGlobalSection
	GlobalSection(SolutionProperties) = preSolution
		HideSolutionNode = FALSE
	EndGlobalSection
	GlobalSection(ExtensibilityGlobals) = postSolution
		SolutionGuid = {A29DB3F9-3EDF-4925-96CE-7F6E0250148B}
	EndGlobalSection
EndGlobal
